GEM
  remote: https://rubygems.org/
  specs:
    action_text-trix (2.1.16)
      railties
    actioncable (8.1.2)
      actionpack (= 8.1.2)
      activesupport (= 8.1.2)
      nio4r (~> 2.0)
      websocket-driver (>= 0.6.1)
      zeitwerk (~> 2.6)
    actionmailbox (8.1.2)
      actionpack (= 8.1.2)
      activejob (= 8.1.2)
      activerecord (= 8.1.2)
      activestorage (= 8.1.2)
      activesupport (= 8.1.2)
      mail (>= 2.8.0)
    actionmailer (8.1.2)
      actionpack (= 8.1.2)
      actionview (= 8.1.2)
      activejob (= 8.1.2)
      activesupport (= 8.1.2)
      mail (>= 2.8.0)
      rails-dom-testing (~> 2.2)
    actionpack (8.1.2)
      actionview (= 8.1.2)
      activesupport (= 8.1.2)
      nokogiri (>= 1.8.5)
      rack (>= 2.2.4)
      rack-session (>= 1.0.1)
      rack-test (>= 0.6.3)
      rails-dom-testing (~> 2.2)
      rails-html-sanitizer (~> 1.6)
      useragent (~> 0.16)
    actiontext (8.1.2)
      action_text-trix (~> 2.1.15)
      actionpack (= 8.1.2)
      activerecord (= 8.1.2)
      activestorage (= 8.1.2)
      activesupport (= 8.1.2)
      globalid (>= 0.6.0)
      nokogiri (>= 1.8.5)
    actionview (8.1.2)
      activesupport (= 8.1.2)
      builder (~> 3.1)
      erubi (~> 1.11)
      rails-dom-testing (~> 2.2)
      rails-html-sanitizer (~> 1.6)
    activejob (8.1.2)
      activesupport (= 8.1.2)
      globalid (>= 0.3.6)
    activemodel (8.1.2)
      activesupport (= 8.1.2)
    activerecord (8.1.2)
      activemodel (= 8.1.2)
      activesupport (= 8.1.2)
      timeout (>= 0.4.0)
    activestorage (8.1.2)
      actionpack (= 8.1.2)
      activejob (= 8.1.2)
      activerecord (= 8.1.2)
      activesupport (= 8.1.2)
      marcel (~> 1.0)
    activesupport (8.1.2)
      base64
      bigdecimal
      concurrent-ruby (~> 1.0, >= 1.3.1)
      connection_pool (>= 2.2.5)
      drb
      i18n (>= 1.6, < 2)
      json
      logger (>= 1.4.2)
      minitest (>= 5.1)
      securerandom (>= 0.3)
      tzinfo (~> 2.0, >= 2.0.5)
      uri (>= 0.13.1)
    addressable (2.8.8)
      public_suffix (>= 2.0.2, < 8.0)
    aes_key_wrap (1.1.0)
    anyway_config (2.8.0)
      ruby-next-core (~> 1.0)
    ast (2.4.3)
    attr_required (1.0.2)
    base64 (0.3.0)
    bcrypt_pbkdf (1.1.2)
    bigdecimal (4.0.1)
    bindata (2.5.1)
    bindex (0.8.1)
    bootsnap (1.23.0)
      msgpack (~> 1.2)
    brakeman (8.0.2)
      racc
    builder (3.3.0)
    bundler-audit (0.9.3)
      bundler (>= 1.2.0)
      thor (~> 1.0)
    capybara (3.40.0)
      addressable
      matrix
      mini_mime (>= 0.1.3)
      nokogiri (~> 1.11)
      rack (>= 1.6.0)
      rack-test (>= 0.6.3)
      regexp_parser (>= 1.5, < 3.0)
      xpath (~> 3.2)
    cgi (0.5.1)
    concurrent-ruby (1.3.6)
    connection_pool (3.0.2)
    crass (1.0.6)
    date (3.5.1)
    debug (1.11.1)
      irb (~> 1.10)
      reline (>= 0.3.8)
    dotenv (3.2.0)
    drb (2.2.3)
    dry-initializer (3.2.0)
    ed25519 (1.4.0)
    email_validator (2.2.4)
      activemodel
    erb (6.0.1)
    erubi (1.13.1)
    et-orbi (1.4.0)
      tzinfo
    ethon (0.15.0)
      ffi (>= 1.15.0)
    faraday (2.14.1)
      faraday-net_http (>= 2.0, < 3.5)
      json
      logger
    faraday-follow_redirects (0.5.0)
      faraday (>= 1, < 3)
    faraday-net_http (3.4.2)
      net-http (~> 0.5)
    ffi (1.17.3-aarch64-linux-gnu)
    ffi (1.17.3-aarch64-linux-musl)
    ffi (1.17.3-arm-linux-gnu)
    ffi (1.17.3-arm-linux-musl)
    ffi (1.17.3-x86_64-linux-gnu)
    ffi (1.17.3-x86_64-linux-musl)
    frozen_record (0.27.4)
      activemodel
    fugit (1.12.1)
      et-orbi (~> 1.4)
      raabro (~> 1.4)
    geared_pagination (1.2.0)
      activesupport (>= 5.0)
      addressable (>= 2.5.0)
    globalid (1.3.0)
      activesupport (>= 6.1)
    google-protobuf (4.33.5)
      bigdecimal
      rake (>= 13)
    googleapis-common-protos-types (1.22.0)
      google-protobuf (~> 4.26)
    hashie (5.1.0)
      logger
    i18n (1.14.8)
      concurrent-ruby (~> 1.0)
    image_processing (1.14.0)
      mini_magick (>= 4.9.5, < 6)
      ruby-vips (>= 2.0.17, < 3)
    importmap-rails (2.2.3)
      actionpack (>= 6.0.0)
      activesupport (>= 6.0.0)
      railties (>= 6.0.0)
    io-console (0.8.2)
    irb (1.17.0)
      pp (>= 0.6.0)
      prism (>= 1.3.0)
      rdoc (>= 4.0.0)
      reline (>= 0.4.2)
    jbuilder (2.14.1)
      actionview (>= 7.0.0)
      activesupport (>= 7.0.0)
    json (2.18.1)
    json-jwt (1.17.0)
      activesupport (>= 4.2)
      aes_key_wrap
      base64
      bindata
      faraday (~> 2.0)
      faraday-follow_redirects
    kamal (2.10.1)
      activesupport (>= 7.0)
      base64 (~> 0.2)
      bcrypt_pbkdf (~> 1.0)
      concurrent-ruby (~> 1.2)
      dotenv (~> 3.1)
      ed25519 (~> 1.4)
      net-ssh (~> 7.3)
      sshkit (>= 1.23.0, < 2.0)
      thor (~> 1.3)
      zeitwerk (>= 2.6.18, < 3.0)
    language_server-protocol (3.17.0.5)
    lint_roller (1.1.0)
    logger (1.7.0)
    loofah (2.25.0)
      crass (~> 1.0.2)
      nokogiri (>= 1.12.0)
    mail (2.9.0)
      logger
      mini_mime (>= 0.1.1)
      net-imap
      net-pop
      net-smtp
    marcel (1.1.0)
    matrix (0.4.3)
    mime-types (3.7.0)
      logger
      mime-types-data (~> 3.2025, >= 3.2025.0507)
    mime-types-data (3.2026.0203)
    mini_magick (5.3.1)
      logger
    mini_mime (1.1.5)
    minitest (6.0.1)
      prism (~> 1.5)
    mission_control-jobs (1.1.0)
      actioncable (>= 7.1)
      actionpack (>= 7.1)
      activejob (>= 7.1)
      activerecord (>= 7.1)
      importmap-rails (>= 1.2.1)
      irb (~> 1.13)
      railties (>= 7.1)
      stimulus-rails
      turbo-rails
    msgpack (1.8.0)
    net-http (0.9.1)
      uri (>= 0.11.1)
    net-imap (0.6.3)
      date
      net-protocol
    net-pop (0.1.2)
      net-protocol
    net-protocol (0.2.2)
      timeout
    net-scp (4.1.0)
      net-ssh (>= 2.6.5, < 8.0.0)
    net-sftp (4.0.0)
      net-ssh (>= 5.0.0, < 8.0.0)
    net-smtp (0.5.1)
      net-protocol
    net-ssh (7.3.0)
    nio4r (2.7.5)
    nokogiri (1.19.1-aarch64-linux-gnu)
      racc (~> 1.4)
    nokogiri (1.19.1-aarch64-linux-musl)
      racc (~> 1.4)
    nokogiri (1.19.1-arm-linux-gnu)
      racc (~> 1.4)
    nokogiri (1.19.1-arm-linux-musl)
      racc (~> 1.4)
    nokogiri (1.19.1-x86_64-linux-gnu)
      racc (~> 1.4)
    nokogiri (1.19.1-x86_64-linux-musl)
      racc (~> 1.4)
    omniauth (2.1.4)
      hashie (>= 3.4.6)
      logger
      rack (>= 2.2.3)
      rack-protection
    omniauth-rails_csrf_protection (2.0.1)
      actionpack (>= 4.2)
      omniauth (~> 2.0)
    omniauth_openid_connect (0.8.0)
      omniauth (>= 1.9, < 3)
      openid_connect (~> 2.2)
    openid_connect (2.3.1)
      activemodel
      attr_required (>= 1.0.0)
      email_validator
      faraday (~> 2.0)
      faraday-follow_redirects
      json-jwt (>= 1.16)
      mail
      rack-oauth2 (~> 2.2)
      swd (~> 2.0)
      tzinfo
      validate_url
      webfinger (~> 2.0)
    opentelemetry-api (1.7.0)
    opentelemetry-common (0.23.0)
      opentelemetry-api (~> 1.0)
    opentelemetry-exporter-otlp (0.31.1)
      google-protobuf (>= 3.18)
      googleapis-common-protos-types (~> 1.3)
      opentelemetry-api (~> 1.1)
      opentelemetry-common (~> 0.20)
      opentelemetry-sdk (~> 1.10)
      opentelemetry-semantic_conventions
    opentelemetry-helpers-mysql (0.4.0)
      opentelemetry-api (~> 1.7)
      opentelemetry-common (~> 0.21)
    opentelemetry-helpers-sql (0.3.0)
      opentelemetry-api (~> 1.7)
    opentelemetry-helpers-sql-processor (0.4.0)
      opentelemetry-api (~> 1.0)
      opentelemetry-common (~> 0.21)
    opentelemetry-instrumentation-action_mailer (0.6.1)
      opentelemetry-instrumentation-active_support (~> 0.10)
    opentelemetry-instrumentation-action_pack (0.15.1)
      opentelemetry-instrumentation-rack (~> 0.29)
    opentelemetry-instrumentation-action_view (0.11.2)
      opentelemetry-instrumentation-active_support (~> 0.10)
    opentelemetry-instrumentation-active_job (0.10.1)
      opentelemetry-instrumentation-base (~> 0.25)
    opentelemetry-instrumentation-active_model_serializers (0.24.0)
      opentelemetry-instrumentation-active_support (>= 0.7.0)
    opentelemetry-instrumentation-active_record (0.11.1)
      opentelemetry-instrumentation-base (~> 0.25)
    opentelemetry-instrumentation-active_storage (0.3.1)
      opentelemetry-instrumentation-active_support (~> 0.10)
    opentelemetry-instrumentation-active_support (0.10.1)
      opentelemetry-instrumentation-base (~> 0.25)
    opentelemetry-instrumentation-all (0.90.1)
      opentelemetry-instrumentation-active_model_serializers (~> 0.24.0)
      opentelemetry-instrumentation-anthropic (~> 0.3.0)
      opentelemetry-instrumentation-aws_lambda (~> 0.6.0)
      opentelemetry-instrumentation-aws_sdk (~> 0.11.0)
      opentelemetry-instrumentation-bunny (~> 0.24.0)
      opentelemetry-instrumentation-concurrent_ruby (~> 0.24.0)
      opentelemetry-instrumentation-dalli (~> 0.29.0)
      opentelemetry-instrumentation-delayed_job (~> 0.25.1)
      opentelemetry-instrumentation-ethon (~> 0.27.0)
      opentelemetry-instrumentation-excon (~> 0.27.0)
      opentelemetry-instrumentation-faraday (~> 0.31.0)
      opentelemetry-instrumentation-grape (~> 0.5.0)
      opentelemetry-instrumentation-graphql (~> 0.31.1)
      opentelemetry-instrumentation-grpc (~> 0.4.1)
      opentelemetry-instrumentation-gruf (~> 0.5.0)
      opentelemetry-instrumentation-http (~> 0.28.0)
      opentelemetry-instrumentation-http_client (~> 0.27.0)
      opentelemetry-instrumentation-httpx (~> 0.6.0)
      opentelemetry-instrumentation-koala (~> 0.23.0)
      opentelemetry-instrumentation-lmdb (~> 0.25.0)
      opentelemetry-instrumentation-mongo (~> 0.25.0)
      opentelemetry-instrumentation-mysql2 (~> 0.33.0)
      opentelemetry-instrumentation-net_http (~> 0.27.0)
      opentelemetry-instrumentation-pg (~> 0.35.0)
      opentelemetry-instrumentation-que (~> 0.12.0)
      opentelemetry-instrumentation-racecar (~> 0.6.0)
      opentelemetry-instrumentation-rack (~> 0.29.0)
      opentelemetry-instrumentation-rails (~> 0.39.1)
      opentelemetry-instrumentation-rake (~> 0.5.0)
      opentelemetry-instrumentation-rdkafka (~> 0.9.0)
      opentelemetry-instrumentation-redis (~> 0.28.0)
      opentelemetry-instrumentation-resque (~> 0.8.0)
      opentelemetry-instrumentation-restclient (~> 0.26.0)
      opentelemetry-instrumentation-ruby_kafka (~> 0.24.0)
      opentelemetry-instrumentation-sidekiq (~> 0.28.1)
      opentelemetry-instrumentation-sinatra (~> 0.28.0)
      opentelemetry-instrumentation-trilogy (~> 0.66.0)
    opentelemetry-instrumentation-anthropic (0.3.0)
      opentelemetry-instrumentation-base (~> 0.25)
    opentelemetry-instrumentation-aws_lambda (0.6.0)
      opentelemetry-instrumentation-base (~> 0.25)
    opentelemetry-instrumentation-aws_sdk (0.11.0)
      opentelemetry-instrumentation-base (~> 0.25)
    opentelemetry-instrumentation-base (0.25.0)
      opentelemetry-api (~> 1.7)
      opentelemetry-common (~> 0.21)
      opentelemetry-registry (~> 0.1)
    opentelemetry-instrumentation-bunny (0.24.0)
      opentelemetry-instrumentation-base (~> 0.25)
    opentelemetry-instrumentation-concurrent_ruby (0.24.0)
      opentelemetry-instrumentation-base (~> 0.25)
    opentelemetry-instrumentation-dalli (0.29.0)
      opentelemetry-instrumentation-base (~> 0.25)
    opentelemetry-instrumentation-delayed_job (0.25.1)
      opentelemetry-instrumentation-base (~> 0.25)
    opentelemetry-instrumentation-ethon (0.27.0)
      opentelemetry-instrumentation-base (~> 0.25)
    opentelemetry-instrumentation-excon (0.27.0)
      opentelemetry-instrumentation-base (~> 0.25)
    opentelemetry-instrumentation-faraday (0.31.0)
      opentelemetry-instrumentation-base (~> 0.25)
    opentelemetry-instrumentation-grape (0.5.1)
      opentelemetry-instrumentation-rack (~> 0.29)
    opentelemetry-instrumentation-graphql (0.31.2)
      opentelemetry-instrumentation-base (~> 0.25)
    opentelemetry-instrumentation-grpc (0.4.1)
      opentelemetry-instrumentation-base (~> 0.25)
    opentelemetry-instrumentation-gruf (0.5.0)
      opentelemetry-instrumentation-base (~> 0.25)
    opentelemetry-instrumentation-http (0.28.0)
      opentelemetry-instrumentation-base (~> 0.25)
    opentelemetry-instrumentation-http_client (0.27.0)
      opentelemetry-instrumentation-base (~> 0.25)
    opentelemetry-instrumentation-httpx (0.6.0)
      opentelemetry-instrumentation-base (~> 0.25)
    opentelemetry-instrumentation-koala (0.23.0)
      opentelemetry-instrumentation-base (~> 0.25)
    opentelemetry-instrumentation-lmdb (0.25.0)
      opentelemetry-instrumentation-base (~> 0.25)
    opentelemetry-instrumentation-mongo (0.25.0)
      opentelemetry-instrumentation-base (~> 0.25)
    opentelemetry-instrumentation-mysql2 (0.33.0)
      opentelemetry-helpers-mysql
      opentelemetry-helpers-sql
      opentelemetry-helpers-sql-processor
      opentelemetry-instrumentation-base (~> 0.25)
    opentelemetry-instrumentation-net_http (0.27.0)
      opentelemetry-instrumentation-base (~> 0.25)
    opentelemetry-instrumentation-pg (0.35.0)
      opentelemetry-helpers-sql
      opentelemetry-helpers-sql-processor
      opentelemetry-instrumentation-base (~> 0.25)
    opentelemetry-instrumentation-que (0.12.0)
      opentelemetry-instrumentation-base (~> 0.25)
    opentelemetry-instrumentation-racecar (0.6.1)
      opentelemetry-instrumentation-base (~> 0.25)
    opentelemetry-instrumentation-rack (0.29.0)
      opentelemetry-instrumentation-base (~> 0.25)
    opentelemetry-instrumentation-rails (0.39.1)
      opentelemetry-instrumentation-action_mailer (~> 0.6)
      opentelemetry-instrumentation-action_pack (~> 0.15)
      opentelemetry-instrumentation-action_view (~> 0.11)
      opentelemetry-instrumentation-active_job (~> 0.10)
      opentelemetry-instrumentation-active_record (~> 0.11)
      opentelemetry-instrumentation-active_storage (~> 0.3)
      opentelemetry-instrumentation-active_support (~> 0.10)
      opentelemetry-instrumentation-concurrent_ruby (~> 0.23)
    opentelemetry-instrumentation-rake (0.5.0)
      opentelemetry-instrumentation-base (~> 0.25)
    opentelemetry-instrumentation-rdkafka (0.9.0)
      opentelemetry-instrumentation-base (~> 0.25)
    opentelemetry-instrumentation-redis (0.28.0)
      opentelemetry-instrumentation-base (~> 0.25)
    opentelemetry-instrumentation-resque (0.8.0)
      opentelemetry-instrumentation-base (~> 0.25)
    opentelemetry-instrumentation-restclient (0.26.0)
      opentelemetry-instrumentation-base (~> 0.25)
    opentelemetry-instrumentation-ruby_kafka (0.24.0)
      opentelemetry-instrumentation-base (~> 0.25)
    opentelemetry-instrumentation-sidekiq (0.28.1)
      opentelemetry-instrumentation-base (~> 0.25)
    opentelemetry-instrumentation-sinatra (0.28.0)
      opentelemetry-instrumentation-rack (~> 0.29)
    opentelemetry-instrumentation-trilogy (0.66.0)
      opentelemetry-helpers-mysql
      opentelemetry-helpers-sql
      opentelemetry-helpers-sql-processor
      opentelemetry-instrumentation-base (~> 0.25)
      opentelemetry-semantic_conventions (>= 1.8.0)
    opentelemetry-registry (0.4.0)
      opentelemetry-api (~> 1.1)
    opentelemetry-sdk (1.10.0)
      opentelemetry-api (~> 1.1)
      opentelemetry-common (~> 0.20)
      opentelemetry-registry (~> 0.2)
      opentelemetry-semantic_conventions
    opentelemetry-semantic_conventions (1.36.0)
      opentelemetry-api (~> 1.0)
    ostruct (0.6.3)
    parallel (1.27.0)
    parser (3.3.10.2)
      ast (~> 2.4.1)
      racc
    pg (1.6.3)
    pg (1.6.3-aarch64-linux)
    pg (1.6.3-aarch64-linux-musl)
    pg (1.6.3-x86_64-linux)
    pg (1.6.3-x86_64-linux-musl)
    playwright-ruby-client (1.58.1)
      base64
      concurrent-ruby (>= 1.1.6)
      mime-types (>= 3.0)
    pp (0.6.3)
      prettyprint
    prettyprint (0.2.0)
    prism (1.9.0)
    prometheus-api-client (0.6.4)
      faraday (>= 2.0.0, < 3.0.0)
    prometheus-client (4.2.5)
      base64
    propshaft (1.3.1)
      actionpack (>= 7.0.0)
      activesupport (>= 7.0.0)
      rack
    psych (5.3.1)
      date
      stringio
    public_suffix (7.0.2)
    puma (7.2.0)
      nio4r (~> 2.0)
    raabro (1.4.0)
    racc (1.8.1)
    rack (3.2.5)
    rack-oauth2 (2.3.0)
      activesupport
      attr_required
      faraday (~> 2.0)
      faraday-follow_redirects
      json-jwt (>= 1.11.0)
      rack (>= 2.1.0)
    rack-protection (4.2.1)
      base64 (>= 0.1.0)
      logger (>= 1.6.0)
      rack (>= 3.0.0, < 4)
    rack-session (2.1.1)
      base64 (>= 0.1.0)
      rack (>= 3.0.0)
    rack-test (2.2.0)
      rack (>= 1.3)
    rackup (2.3.1)
      rack (>= 3)
    rails (8.1.2)
      actioncable (= 8.1.2)
      actionmailbox (= 8.1.2)
      actionmailer (= 8.1.2)
      actionpack (= 8.1.2)
      actiontext (= 8.1.2)
      actionview (= 8.1.2)
      activejob (= 8.1.2)
      activemodel (= 8.1.2)
      activerecord (= 8.1.2)
      activestorage (= 8.1.2)
      activesupport (= 8.1.2)
      bundler (>= 1.15.0)
      railties (= 8.1.2)
    rails-dom-testing (2.3.0)
      activesupport (>= 5.0.0)
      minitest
      nokogiri (>= 1.6)
    rails-html-sanitizer (1.6.2)
      loofah (~> 2.21)
      nokogiri (>= 1.15.7, != 1.16.7, != 1.16.6, != 1.16.5, != 1.16.4, != 1.16.3, != 1.16.2, != 1.16.1, != 1.16.0.rc1, != 1.16.0)
    railties (8.1.2)
      actionpack (= 8.1.2)
      activesupport (= 8.1.2)
      irb (~> 1.13)
      rackup (>= 1.0.0)
      rake (>= 12.2)
      thor (~> 1.0, >= 1.2.2)
      tsort (>= 0.2)
      zeitwerk (~> 2.6)
    rainbow (3.1.1)
    rake (13.3.1)
    rdoc (7.2.0)
      erb
      psych (>= 4.0.0)
      tsort
    regexp_parser (2.11.3)
    reline (0.6.3)
      io-console (~> 0.5)
    rexml (3.4.4)
    rubocop (1.84.2)
      json (~> 2.3)
      language_server-protocol (~> 3.17.0.2)
      lint_roller (~> 1.1.0)
      parallel (~> 1.10)
      parser (>= 3.3.0.2)
      rainbow (>= 2.2.2, < 4.0)
      regexp_parser (>= 2.9.3, < 3.0)
      rubocop-ast (>= 1.49.0, < 2.0)
      ruby-progressbar (~> 1.7)
      unicode-display_width (>= 2.4.0, < 4.0)
    rubocop-ast (1.49.0)
      parser (>= 3.3.7.2)
      prism (~> 1.7)
    rubocop-performance (1.26.1)
      lint_roller (~> 1.1)
      rubocop (>= 1.75.0, < 2.0)
      rubocop-ast (>= 1.47.1, < 2.0)
    rubocop-rails (2.34.3)
      activesupport (>= 4.2.0)
      lint_roller (~> 1.1)
      rack (>= 1.1)
      rubocop (>= 1.75.0, < 2.0)
      rubocop-ast (>= 1.44.0, < 2.0)
    rubocop-rails-omakase (1.1.0)
      rubocop (>= 1.72)
      rubocop-performance (>= 1.24)
      rubocop-rails (>= 2.30)
    ruby-next-core (1.2.0)
    ruby-progressbar (1.13.0)
    ruby-vips (2.3.0)
      ffi (~> 1.12)
      logger
    rubyzip (3.2.2)
    securerandom (0.4.1)
    selenium-webdriver (4.41.0)
      base64 (~> 0.2)
      logger (~> 1.4)
      rexml (~> 3.2, >= 3.2.5)
      rubyzip (>= 1.2.2, < 4.0)
      websocket (~> 1.0)
    solid_cable (3.0.12)
      actioncable (>= 7.2)
      activejob (>= 7.2)
      activerecord (>= 7.2)
      railties (>= 7.2)
    solid_cache (1.0.10)
      activejob (>= 7.2)
      activerecord (>= 7.2)
      railties (>= 7.2)
    solid_queue (1.3.2)
      activejob (>= 7.1)
      activerecord (>= 7.1)
      concurrent-ruby (>= 1.3.1)
      fugit (~> 1.11)
      railties (>= 7.1)
      thor (>= 1.3.1)
    sshkit (1.25.0)
      base64
      logger
      net-scp (>= 1.1.2)
      net-sftp (>= 2.1.2)
      net-ssh (>= 2.8.0)
      ostruct
    stimulus-rails (1.3.4)
      railties (>= 6.0.0)
    stringio (3.2.0)
    swd (2.0.3)
      activesupport (>= 3)
      attr_required (>= 0.0.5)
      faraday (~> 2.0)
      faraday-follow_redirects
    thor (1.5.0)
    thruster (0.1.18)
    thruster (0.1.18-aarch64-linux)
    thruster (0.1.18-x86_64-linux)
    timeout (0.6.0)
    tsort (0.2.0)
    turbo-rails (2.0.23)
      actionpack (>= 7.1.0)
      railties (>= 7.1.0)
    typhoeus (1.5.0)
      ethon (>= 0.9.0, < 0.16.0)
    tzinfo (2.0.6)
      concurrent-ruby (~> 1.0)
    unicode-display_width (3.2.0)
      unicode-emoji (~> 4.1)
    unicode-emoji (4.2.0)
    upright (0.2.0)
      cgi
      frozen_record
      geared_pagination
      importmap-rails
      mission_control-jobs
      omniauth
      omniauth-rails_csrf_protection
      omniauth_openid_connect
      opentelemetry-exporter-otlp
      opentelemetry-instrumentation-all
      opentelemetry-sdk
      playwright-ruby-client (~> 1.56)
      prometheus-api-client
      prometheus-client
      propshaft
      rails (>= 8.0)
      solid_queue
      stimulus-rails
      turbo-rails
      typhoeus
      webrick
      yabeda
      yabeda-prometheus
      yabeda-puma-plugin
    uri (1.1.1)
    useragent (0.16.11)
    validate_url (1.0.15)
      activemodel (>= 3.0.0)
      public_suffix
    web-console (4.2.1)
      actionview (>= 6.0.0)
      activemodel (>= 6.0.0)
      bindex (>= 0.4.0)
      railties (>= 6.0.0)
    webfinger (2.1.3)
      activesupport
      faraday (~> 2.0)
      faraday-follow_redirects
    webrick (1.9.2)
    websocket (1.2.11)
    websocket-driver (0.8.0)
      base64
      websocket-extensions (>= 0.1.0)
    websocket-extensions (0.1.5)
    xpath (3.2.0)
      nokogiri (~> 1.8)
    yabeda (0.14.0)
      anyway_config (>= 1.0, < 3)
      concurrent-ruby
      dry-initializer
    yabeda-prometheus (0.9.1)
      prometheus-client (>= 3.0, < 5.0)
      rack
      yabeda (~> 0.10)
    yabeda-puma-plugin (0.9.0)
      json
      puma
      yabeda (~> 0.5)
    zeitwerk (2.7.5)

PLATFORMS
  aarch64-linux
  aarch64-linux-gnu
  aarch64-linux-musl
  arm-linux-gnu
  arm-linux-musl
  x86_64-linux
  x86_64-linux-gnu
  x86_64-linux-musl

DEPENDENCIES
  bootsnap
  brakeman
  bundler-audit
  capybara
  debug
  image_processing (~> 1.2)
  importmap-rails
  jbuilder
  kamal
  pg (~> 1.1)
  propshaft
  puma (>= 5.0)
  rails (~> 8.1.2)
  rubocop-rails-omakase
  selenium-webdriver
  solid_cable
  solid_cache
  solid_queue
  stimulus-rails
  thruster
  turbo-rails
  tzinfo-data
  upright (~> 0.2.0)
  web-console

CHECKSUMS
  action_text-trix (2.1.16) sha256=f645a2c21821b8449fd1d6770708f4031c91a2eedf9ef476e9be93c64e703a8a
  actioncable (8.1.2) sha256=dc31efc34cca9cdefc5c691ddb8b4b214c0ea5cd1372108cbc1377767fb91969
  actionmailbox (8.1.2) sha256=058b2fb1980e5d5a894f675475fcfa45c62631103d5a2596d9610ec81581889b
  actionmailer (8.1.2) sha256=f4c1d2060f653bfe908aa7fdc5a61c0e5279670de992146582f2e36f8b9175e9
  actionpack (8.1.2) sha256=ced74147a1f0daafaa4bab7f677513fd4d3add574c7839958f7b4f1de44f8423
  actiontext (8.1.2) sha256=0bf57da22a9c19d970779c3ce24a56be31b51c7640f2763ec64aa72e358d2d2d
  actionview (8.1.2) sha256=80455b2588911c9b72cec22d240edacb7c150e800ef2234821269b2b2c3e2e5b
  activejob (8.1.2) sha256=908dab3713b101859536375819f4156b07bdf4c232cc645e7538adb9e302f825
  activemodel (8.1.2) sha256=e21358c11ce68aed3f9838b7e464977bc007b4446c6e4059781e1d5c03bcf33e
  activerecord (8.1.2) sha256=acfbe0cadfcc50fa208011fe6f4eb01cae682ebae0ef57145ba45380c74bcc44
  activestorage (8.1.2) sha256=8a63a48c3999caeee26a59441f813f94681fc35cc41aba7ce1f836add04fba76
  activesupport (8.1.2) sha256=88842578ccd0d40f658289b0e8c842acfe9af751afee2e0744a7873f50b6fdae
  addressable (2.8.8) sha256=7c13b8f9536cf6364c03b9d417c19986019e28f7c00ac8132da4eb0fe393b057
  aes_key_wrap (1.1.0) sha256=b935f4756b37375895db45669e79dfcdc0f7901e12d4e08974d5540c8e0776a5
  anyway_config (2.8.0) sha256=f6797a7231f81202dcd3d0c07284e836e45713e761d320180348b13a5c7c9306
  ast (2.4.3) sha256=954615157c1d6a382bc27d690d973195e79db7f55e9765ac7c481c60bdb4d383
  attr_required (1.0.2) sha256=f0ebfc56b35e874f4d0ae799066dbc1f81efefe2364ca3803dc9ea6a4de6cb99
  base64 (0.3.0) sha256=27337aeabad6ffae05c265c450490628ef3ebd4b67be58257393227588f5a97b
  bcrypt_pbkdf (1.1.2) sha256=c2414c23ce66869b3eb9f643d6a3374d8322dfb5078125c82792304c10b94cf6
  bigdecimal (4.0.1) sha256=8b07d3d065a9f921c80ceaea7c9d4ae596697295b584c296fe599dd0ad01c4a7
  bindata (2.5.1) sha256=53186a1ec2da943d4cb413583d680644eb810aacbf8902497aac8f191fad9e58
  bindex (0.8.1) sha256=7b1ecc9dc539ed8bccfc8cb4d2732046227b09d6f37582ff12e50a5047ceb17e
  bootsnap (1.23.0) sha256=c1254f458d58558b58be0f8eb8f6eec2821456785b7cdd1e16248e2020d3f214
  brakeman (8.0.2) sha256=7b02065ce8b1de93949cefd3f2ad78e8eb370e644b95c8556a32a912a782426a
  builder (3.3.0) sha256=497918d2f9dca528fdca4b88d84e4ef4387256d984b8154e9d5d3fe5a9c8835f
  bundler-audit (0.9.3) sha256=81c8766c71e47d0d28a0f98c7eed028539f21a6ea3cd8f685eb6f42333c9b4e9
  capybara (3.40.0) sha256=42dba720578ea1ca65fd7a41d163dd368502c191804558f6e0f71b391054aeef
  cgi (0.5.1) sha256=e93fcafc69b8a934fe1e6146121fa35430efa8b4a4047c4893764067036f18e9
  concurrent-ruby (1.3.6) sha256=6b56837e1e7e5292f9864f34b69c5a2cbc75c0cf5338f1ce9903d10fa762d5ab
  connection_pool (3.0.2) sha256=33fff5ba71a12d2aa26cb72b1db8bba2a1a01823559fb01d29eb74c286e62e0a
  crass (1.0.6) sha256=dc516022a56e7b3b156099abc81b6d2b08ea1ed12676ac7a5657617f012bd45d
  date (3.5.1) sha256=750d06384d7b9c15d562c76291407d89e368dda4d4fff957eb94962d325a0dc0
  debug (1.11.1) sha256=2e0b0ac6119f2207a6f8ac7d4a73ca8eb4e440f64da0a3136c30343146e952b6
  dotenv (3.2.0) sha256=e375b83121ea7ca4ce20f214740076129ab8514cd81378161f11c03853fe619d
  drb (2.2.3) sha256=0b00d6fdb50995fe4a45dea13663493c841112e4068656854646f418fda13373
  dry-initializer (3.2.0) sha256=37d59798f912dc0a1efe14a4db4a9306989007b302dcd5f25d0a2a20c166c4e3
  ed25519 (1.4.0) sha256=16e97f5198689a154247169f3453ef4cfd3f7a47481fde0ae33206cdfdcac506
  email_validator (2.2.4) sha256=5ab238095bec7aef9389f230e9e0c64c5081cdf91f19d6c5cecee0a93af20604
  erb (6.0.1) sha256=28ecdd99c5472aebd5674d6061e3c6b0a45c049578b071e5a52c2a7f13c197e5
  erubi (1.13.1) sha256=a082103b0885dbc5ecf1172fede897f9ebdb745a4b97a5e8dc63953db1ee4ad9
  et-orbi (1.4.0) sha256=6c7e3c90779821f9e3b324c5e96fda9767f72995d6ae435b96678a4f3e2de8bc
  ethon (0.15.0) sha256=0809805a035bc10f54162ca99f15ded49e428e0488bcfe1c08c821e18261a74d
  faraday (2.14.1) sha256=a43cceedc1e39d188f4d2cdd360a8aaa6a11da0c407052e426ba8d3fb42ef61c
  faraday-follow_redirects (0.5.0) sha256=5cde93c894b30943a5d2b93c2fe9284216a6b756f7af406a1e55f211d97d10ad
  faraday-net_http (3.4.2) sha256=f147758260d3526939bf57ecf911682f94926a3666502e24c69992765875906c
  ffi (1.17.3-aarch64-linux-gnu) sha256=28ad573df26560f0aedd8a90c3371279a0b2bd0b4e834b16a2baa10bd7a97068
  ffi (1.17.3-aarch64-linux-musl) sha256=020b33b76775b1abacc3b7d86b287cef3251f66d747092deec592c7f5df764b2
  ffi (1.17.3-arm-linux-gnu) sha256=5bd4cea83b68b5ec0037f99c57d5ce2dd5aa438f35decc5ef68a7d085c785668
  ffi (1.17.3-arm-linux-musl) sha256=0d7626bb96265f9af78afa33e267d71cfef9d9a8eb8f5525344f8da6c7d76053
  ffi (1.17.3-x86_64-linux-gnu) sha256=3746b01f677aae7b16dc1acb7cb3cc17b3e35bdae7676a3f568153fb0e2c887f
  ffi (1.17.3-x86_64-linux-musl) sha256=086b221c3a68320b7564066f46fed23449a44f7a1935f1fe5a245bd89d9aea56
  frozen_record (0.27.4) sha256=c6f6a3b64d11046bc6143d174ebf53777b3194b0caff4e3ab653c947de1b8d57
  fugit (1.12.1) sha256=5898f478ede9b415f0804e42b8f3fd53f814bd85eebffceebdbc34e1107aaf68
  geared_pagination (1.2.0) sha256=16dc25b28e9d6945df27e9bcc6ed298d66eb9493ba45bf987037010724120cc7
  globalid (1.3.0) sha256=05c639ad6eb4594522a0b07983022f04aa7254626ab69445a0e493aa3786ff11
  google-protobuf (4.33.5) sha256=1b64fb774c101b23ac3f6923eca24be04fd971635d235c4cd4cfe0d752620da0
  googleapis-common-protos-types (1.22.0) sha256=f97492b77bd6da0018c860d5004f512fe7cd165554d7019a8f4df6a56fbfc4c7
  hashie (5.1.0) sha256=c266471896f323c446ea8207f8ffac985d2718df0a0ba98651a3057096ca3870
  i18n (1.14.8) sha256=285778639134865c5e0f6269e0b818256017e8cde89993fdfcbfb64d088824a5
  image_processing (1.14.0) sha256=754cc169c9c262980889bec6bfd325ed1dafad34f85242b5a07b60af004742fb
  importmap-rails (2.2.3) sha256=7101be2a4dc97cf1558fb8f573a718404c5f6bcfe94f304bf1f39e444feeb16a
  io-console (0.8.2) sha256=d6e3ae7a7cc7574f4b8893b4fca2162e57a825b223a177b7afa236c5ef9814cc
  irb (1.17.0) sha256=168c4ddb93d8a361a045c41d92b2952c7a118fa73f23fe14e55609eb7a863aae
  jbuilder (2.14.1) sha256=4eb26376ff60ef100cb4fd6fd7533cd271f9998327e86adf20fd8c0e69fabb42
  json (2.18.1) sha256=fe112755501b8d0466b5ada6cf50c8c3f41e897fa128ac5d263ec09eedc9f986
  json-jwt (1.17.0) sha256=6ff99026b4c54281a9431179f76ceb81faa14772d710ef6169785199caadc4cc
  kamal (2.10.1) sha256=53b7ecb4c33dd83b1aedfc7aacd1c059f835993258a552d70d584c6ce32b6340
  language_server-protocol (3.17.0.5) sha256=fd1e39a51a28bf3eec959379985a72e296e9f9acfce46f6a79d31ca8760803cc
  lint_roller (1.1.0) sha256=2c0c845b632a7d172cb849cc90c1bce937a28c5c8ccccb50dfd46a485003cc87
  logger (1.7.0) sha256=196edec7cc44b66cfb40f9755ce11b392f21f7967696af15d274dde7edff0203
  loofah (2.25.0) sha256=df5ed7ac3bac6a4ec802df3877ee5cc86d027299f8952e6243b3dac446b060e6
  mail (2.9.0) sha256=6fa6673ecd71c60c2d996260f9ee3dd387d4673b8169b502134659ece6d34941
  marcel (1.1.0) sha256=fdcfcfa33cc52e93c4308d40e4090a5d4ea279e160a7f6af988260fa970e0bee
  matrix (0.4.3) sha256=a0d5ab7ddcc1973ff690ab361b67f359acbb16958d1dc072b8b956a286564c5b
  mime-types (3.7.0) sha256=dcebf61c246f08e15a4de34e386ebe8233791e868564a470c3fe77c00eed5e56
  mime-types-data (3.2026.0203) sha256=54353d693af028847391c28361c07d4b8b689cad78c3e1cc272fb1205c6d2a2f
  mini_magick (5.3.1) sha256=29395dfd76badcabb6403ee5aff6f681e867074f8f28ce08d78661e9e4a351c4
  mini_mime (1.1.5) sha256=8681b7e2e4215f2a159f9400b5816d85e9d8c6c6b491e96a12797e798f8bccef
  minitest (6.0.1) sha256=7854c74f48e2e975969062833adc4013f249a4b212f5e7b9d5c040bf838d54bb
  mission_control-jobs (1.1.0) sha256=b13da9cde3344fec7c744b79d2a34c3ecd454f45d4d593d4c968ba762315e84c
  msgpack (1.8.0) sha256=e64ce0212000d016809f5048b48eb3a65ffb169db22238fb4b72472fecb2d732
  net-http (0.9.1) sha256=25ba0b67c63e89df626ed8fac771d0ad24ad151a858af2cc8e6a716ca4336996
  net-imap (0.6.3) sha256=9bab75f876596d09ee7bf911a291da478e0cd6badc54dfb82874855ccc82f2ad
  net-pop (0.1.2) sha256=848b4e982013c15b2f0382792268763b748cce91c9e91e36b0f27ed26420dff3
  net-protocol (0.2.2) sha256=aa73e0cba6a125369de9837b8d8ef82a61849360eba0521900e2c3713aa162a8
  net-scp (4.1.0) sha256=a99b0b92a1e5d360b0de4ffbf2dc0c91531502d3d4f56c28b0139a7c093d1a5d
  net-sftp (4.0.0) sha256=65bb91c859c2f93b09826757af11b69af931a3a9155050f50d1b06d384526364
  net-smtp (0.5.1) sha256=ed96a0af63c524fceb4b29b0d352195c30d82dd916a42f03c62a3a70e5b70736
  net-ssh (7.3.0) sha256=172076c4b30ce56fb25a03961b0c4da14e1246426401b0f89cba1a3b54bf3ef0
  nio4r (2.7.5) sha256=6c90168e48fb5f8e768419c93abb94ba2b892a1d0602cb06eef16d8b7df1dca1
  nokogiri (1.19.1-aarch64-linux-gnu) sha256=cfdb0eafd9a554a88f12ebcc688d2b9005f9fce42b00b970e3dc199587b27f32
  nokogiri (1.19.1-aarch64-linux-musl) sha256=1e2150ab43c3b373aba76cd1190af7b9e92103564063e48c474f7600923620b5
  nokogiri (1.19.1-arm-linux-gnu) sha256=0a39ed59abe3bf279fab9dd4c6db6fe8af01af0608f6e1f08b8ffa4e5d407fa3
  nokogiri (1.19.1-arm-linux-musl) sha256=3a18e559ee499b064aac6562d98daab3d39ba6cbb4074a1542781b2f556db47d
  nokogiri (1.19.1-x86_64-linux-gnu) sha256=1a4902842a186b4f901078e692d12257678e6133858d0566152fe29cdb98456a
  nokogiri (1.19.1-x86_64-linux-musl) sha256=4267f38ad4fc7e52a2e7ee28ed494e8f9d8eb4f4b3320901d55981c7b995fc23
  omniauth (2.1.4) sha256=42a05b0496f0d22e1dd85d42aaf602f064e36bb47a6826a27ab55e5ba608763c
  omniauth-rails_csrf_protection (2.0.1) sha256=c6e3204d7e3925bb537cb52d50fdfc9f05293f1a9d87c5d4ab4ca3a39ba8c32d
  omniauth_openid_connect (0.8.0) sha256=1f2f3890386e2a742221cee0d2e903b78d874e6fab9ea3bfa31c1462f4793d25
  openid_connect (2.3.1) sha256=5d808380cff80d78e3d3d54cfaebe2d6461d835c674faa29e2314a402c1b2182
  opentelemetry-api (1.7.0) sha256=ccfd264ea6f2db5bf4185e3c07a1297977b44a944e2ce65457c4fe63a697214f
  opentelemetry-common (0.23.0) sha256=da721190479d57bae0ad2207468f47f3e2c3b9a91024b5bc32c9d280183eb32c
  opentelemetry-exporter-otlp (0.31.1) sha256=5358be17d7849cbcc4f49e1fc24105edc780a6f96c8e57b64192ab9a8e47474a
  opentelemetry-helpers-mysql (0.4.0) sha256=d309c0b20825bdd14d4dbc75e0d3b381ffdad37d16424ceca3cb8453d9cb5a4f
  opentelemetry-helpers-sql (0.3.0) sha256=4bb08017d6a16dd41c4d1c53c7fd30f9c5bb691195d8b458933724627b3f37f9
  opentelemetry-helpers-sql-processor (0.4.0) sha256=ec238d7a2887219bd247dc31d0eb8a1a03d414a899963b68e14bb9f4d18b23f4
  opentelemetry-instrumentation-action_mailer (0.6.1) sha256=8384866bdb066ae14b9a1fe686ffaf1f23468326a35af64390c0395fcd471057
  opentelemetry-instrumentation-action_pack (0.15.1) sha256=84fade740783caeebf260aaefcbf8f1a7a4c49f946944ff520a2fb1d6b07f273
  opentelemetry-instrumentation-action_view (0.11.2) sha256=e6a099015d672dabc19993d6fca99ef1e7210361ef21549a6e2076a67719fafc
  opentelemetry-instrumentation-active_job (0.10.1) sha256=aea1311224c20d064a8f218a44299171152dc36eeb531b9eba84bed8b3942a89
  opentelemetry-instrumentation-active_model_serializers (0.24.0) sha256=8fe81e44167d17e45d9acfa588d20140c7640c323e58aca99e266de1bb3fce15
  opentelemetry-instrumentation-active_record (0.11.1) sha256=1b083f34eea0449f8d6f4370b3fb4b935757fac6e4e538e67bb98211809e7c92
  opentelemetry-instrumentation-active_storage (0.3.1) sha256=f89b0fef54921f17c0c4c38a6e0926d29afabd0ac98436fcdbb8bde85dfde89e
  opentelemetry-instrumentation-active_support (0.10.1) sha256=82ea98367158797e33c6de96581f10aa4fe8adf0ebec832dcff5fd04c59bc57d
  opentelemetry-instrumentation-all (0.90.1) sha256=7c6a1cb321fbf320618e644a2a0572881eccb7f26d27b61b7079f2dc64fc88e4
  opentelemetry-instrumentation-anthropic (0.3.0) sha256=09bd9b4ba6189389a6c0f7ba49f1d11f387d93b411ab585137a48b59925a48de
  opentelemetry-instrumentation-aws_lambda (0.6.0) sha256=1a3161393cfe9bc9eddd81a0668d076c38a0a2c3d5df40e95d02f5a8fcd3334c
  opentelemetry-instrumentation-aws_sdk (0.11.0) sha256=67a21e754ddf51e2bb8c3e46e116aa9158d8db800f34c2a9b1e0da5a6ca911e3
  opentelemetry-instrumentation-base (0.25.0) sha256=642a3a7f08354e6e969423327a4fa67ed2cca7ac6fe5ee09e55b17d1c576da27
  opentelemetry-instrumentation-bunny (0.24.0) sha256=1ec484e48a5f42a1d0c33e8e6bc7e9e78dd80f3ed9d63520b8a22ba564aa2585
  opentelemetry-instrumentation-concurrent_ruby (0.24.0) sha256=229bd8b72000c59de693609bb637b8a9114992f5e0ab03730d7fd7ef91f7d1d2
  opentelemetry-instrumentation-dalli (0.29.0) sha256=a2686650545609e8d7e281c9fd1aef529ab578ef2dcf9a6258737e4ba214bc2f
  opentelemetry-instrumentation-delayed_job (0.25.1) sha256=47f35b10d2bfd9ac7c2bbbe10dea095a2e25db2a84f5351860ead969d180c3ec
  opentelemetry-instrumentation-ethon (0.27.0) sha256=bfd2e34a5f34c7114727b0e0c9d441a1c6c7a4cceb8374d90ae9332f009f3968
  opentelemetry-instrumentation-excon (0.27.0) sha256=3d7e6e160f0328e1136646aabb23efefdb125854637d5bd57b849720f783b5bb
  opentelemetry-instrumentation-faraday (0.31.0) sha256=1c00dc96d4c18890a34a20eef27eae536bf6558965e03e254bb7b84a4f09840b
  opentelemetry-instrumentation-grape (0.5.1) sha256=a623608ef10e96c413f4d50b840082bf1ab9700126185d89ddbc8a29b49ec0ef
  opentelemetry-instrumentation-graphql (0.31.2) sha256=a4455f225427f8f9058247c8c0b351b8932567913c35ef049f7958801d401b1f
  opentelemetry-instrumentation-grpc (0.4.1) sha256=5ffa2bb1d5ec69bcd1fe23e1d8c1a563a00351ce052fe9d76885cc43f21ebc87
  opentelemetry-instrumentation-gruf (0.5.0) sha256=ee21be36e312e71b847c9a87168225625890121140a364b68d3668e0df58dacd
  opentelemetry-instrumentation-http (0.28.0) sha256=0946a9593d64740780d16e041f9441945c4970b17566ce98e1a63bd3b276cacd
  opentelemetry-instrumentation-http_client (0.27.0) sha256=6a639a21296d3b6d3934b2d5465bee5d5f9180208d0329a5bbe34b374030690e
  opentelemetry-instrumentation-httpx (0.6.0) sha256=a4ee129cb7d5ea690565585b6a5c7a1d181a1e239c5360ec4554c15ce2b3fd6d
  opentelemetry-instrumentation-koala (0.23.0) sha256=8f324b50a2a64fd4994bb2b105a4cb0c80b64ec05cf5487d2daa906c650bc6f9
  opentelemetry-instrumentation-lmdb (0.25.0) sha256=1e4d66d583ea242d4f72051062971f5af1ea353484d224abbd0aabdd1ce5f5cb
  opentelemetry-instrumentation-mongo (0.25.0) sha256=d04585669f928ea82e7c469f996061d39d8ff184278d57cf4fc77a6d607f9c7a
  opentelemetry-instrumentation-mysql2 (0.33.0) sha256=b49b7957d5eef59e046e73be3ca370518965d61495745b4cb7ece3ef5470bcf9
  opentelemetry-instrumentation-net_http (0.27.0) sha256=f7ad7c5887646a09043b5f4e73717d9a897272f8032b883b0fadffbcc27f8990
  opentelemetry-instrumentation-pg (0.35.0) sha256=65a6e78bd45282b56021f1ee1b88b9fd318abf6812c32bd740465e6b9997aad4
  opentelemetry-instrumentation-que (0.12.0) sha256=3b7a84341f6af5a04f8c57860aeba4033f87c855d40c611a2fc40dde849944fb
  opentelemetry-instrumentation-racecar (0.6.1) sha256=833f6611906fb661f577e841d4ec52549474d32b4e8edea8048162348d35b845
  opentelemetry-instrumentation-rack (0.29.0) sha256=9e2cbb8336087064cbe33b502d917d85b174162bc717efda1cfdbd182342f377
  opentelemetry-instrumentation-rails (0.39.1) sha256=7959df7895543040fbb5cd3877c37bc9f95d79ff9d7749334314c50b871ac96f
  opentelemetry-instrumentation-rake (0.5.0) sha256=fa6bd019078975ac8a67eaea06294e4fe6707e6770d8ced88d74dc573b0a01ef
  opentelemetry-instrumentation-rdkafka (0.9.0) sha256=f3beb56828c584d7d91a2c46f6e5a2ef82289b1d4445b1eb5bc13b80ab6aca89
  opentelemetry-instrumentation-redis (0.28.0) sha256=8721957d1c527dd22bd564d17f3a8db252081abb302be189511282d023693900
  opentelemetry-instrumentation-resque (0.8.0) sha256=559edde9d6273dd757ae5149ed36e26d147b63028d084121203f51c8cff805e5
  opentelemetry-instrumentation-restclient (0.26.0) sha256=5d4e9d93ef51564a1023c076e17b4ac3b42fe81003321d9fb66e44886538bdce
  opentelemetry-instrumentation-ruby_kafka (0.24.0) sha256=257e891f4ce630ba3e0669408d497b44afcc493cd49aed09343d5a51fa8952c2
  opentelemetry-instrumentation-sidekiq (0.28.1) sha256=abc85d62996a5362e7a9fd7af9f6c709d01ce04795514d12fee5126335ae97ae
  opentelemetry-instrumentation-sinatra (0.28.0) sha256=9f11d68c580a421cadd633aca1f8f92707d6b6995d48fffa045a48c187347f26
  opentelemetry-instrumentation-trilogy (0.66.0) sha256=f09dead2fc09b84e5f84a9e39bdd351486549724f47471766230774831ecbe70
  opentelemetry-registry (0.4.0) sha256=903fa6bfaa29eac1c1d73a4fdd29b850977b5353b84b8cdff11222c00ad2968f
  opentelemetry-sdk (1.10.0) sha256=43719949be8df24dcaeb86ebbf75636cda87d51a01af2729499b92a48b80521a
  opentelemetry-semantic_conventions (1.36.0) sha256=c1b1607dbc7853aac7f9e23f6e8b76969c45b07f2b812a4aa4383c19a3b0f617
  ostruct (0.6.3) sha256=95a2ed4a4bd1d190784e666b47b2d3f078e4a9efda2fccf18f84ddc6538ed912
  parallel (1.27.0) sha256=4ac151e1806b755fb4e2dc2332cbf0e54f2e24ba821ff2d3dcf86bf6dc4ae130
  parser (3.3.10.2) sha256=6f60c84aa4bdcedb6d1a2434b738fe8a8136807b6adc8f7f53b97da9bc4e9357
  pg (1.6.3) sha256=1388d0563e13d2758c1089e35e973a3249e955c659592d10e5b77c468f628a99
  pg (1.6.3-aarch64-linux) sha256=0698ad563e02383c27510b76bf7d4cd2de19cd1d16a5013f375dd473e4be72ea
  pg (1.6.3-aarch64-linux-musl) sha256=06a75f4ea04b05140146f2a10550b8e0d9f006a79cdaf8b5b130cde40e3ecc2c
  pg (1.6.3-x86_64-linux) sha256=5d9e188c8f7a0295d162b7b88a768d8452a899977d44f3274d1946d67920ae8d
  pg (1.6.3-x86_64-linux-musl) sha256=9c9c90d98c72f78eb04c0f55e9618fe55d1512128e411035fe229ff427864009
  playwright-ruby-client (1.58.1) sha256=0678b227eb469c551858784441891577b402163e9b2d50bddce4a5a904e3a5ca
  pp (0.6.3) sha256=2951d514450b93ccfeb1df7d021cae0da16e0a7f95ee1e2273719669d0ab9df6
  prettyprint (0.2.0) sha256=2bc9e15581a94742064a3cc8b0fb9d45aae3d03a1baa6ef80922627a0766f193
  prism (1.9.0) sha256=7b530c6a9f92c24300014919c9dcbc055bf4cdf51ec30aed099b06cd6674ef85
  prometheus-api-client (0.6.4) sha256=ab7063a9f63a7b49c9d6c15b6ba16438131c57f6ac354ea5ab6311e28fbf02b5
  prometheus-client (4.2.5) sha256=807bebc3e92ccd9f4d814d90be15e85338f3708d227badf80924ef3f6e7d5225
  propshaft (1.3.1) sha256=9acc664ef67e819ffa3d95bd7ad4c3623ea799110c5f4dee67fa7e583e74c392
  psych (5.3.1) sha256=eb7a57cef10c9d70173ff74e739d843ac3b2c019a003de48447b2963d81b1974
  public_suffix (7.0.2) sha256=9114090c8e4e7135c1fd0e7acfea33afaab38101884320c65aaa0ffb8e26a857
  puma (7.2.0) sha256=bf8ef4ab514a4e6d4554cb4326b2004eba5036ae05cf765cfe51aba9706a72a8
  raabro (1.4.0) sha256=d4fa9ff5172391edb92b242eed8be802d1934b1464061ae5e70d80962c5da882
  racc (1.8.1) sha256=4a7f6929691dbec8b5209a0b373bc2614882b55fc5d2e447a21aaa691303d62f
  rack (3.2.5) sha256=4cbd0974c0b79f7a139b4812004a62e4c60b145cba76422e288ee670601ed6d3
  rack-oauth2 (2.3.0) sha256=43e02cf73f13886a0a06499603caeec58aeba6eae1fefc4977c9678b7652c632
  rack-protection (4.2.1) sha256=cf6e2842df8c55f5e4d1a4be015e603e19e9bc3a7178bae58949ccbb58558bac
  rack-session (2.1.1) sha256=0b6dc07dea7e4b583f58a48e8b806d4c9f1c6c9214ebc202ec94562cbea2e4e9
  rack-test (2.2.0) sha256=005a36692c306ac0b4a9350355ee080fd09ddef1148a5f8b2ac636c720f5c463
  rackup (2.3.1) sha256=6c79c26753778e90983761d677a48937ee3192b3ffef6bc963c0950f94688868
  rails (8.1.2) sha256=5069061b23dfa8706b9f0159ae8b9d35727359103178a26962b868a680ba7d95
  rails-dom-testing (2.3.0) sha256=8acc7953a7b911ca44588bf08737bc16719f431a1cc3091a292bca7317925c1d
  rails-html-sanitizer (1.6.2) sha256=35fce2ca8242da8775c83b6ba9c1bcaad6751d9eb73c1abaa8403475ab89a560
  railties (8.1.2) sha256=1289ece76b4f7668fc46d07e55cc992b5b8751f2ad85548b7da351b8c59f8055
  rainbow (3.1.1) sha256=039491aa3a89f42efa1d6dec2fc4e62ede96eb6acd95e52f1ad581182b79bc6a
  rake (13.3.1) sha256=8c9e89d09f66a26a01264e7e3480ec0607f0c497a861ef16063604b1b08eb19c
  rdoc (7.2.0) sha256=8650f76cd4009c3b54955eb5d7e3a075c60a57276766ebf36f9085e8c9f23192
  regexp_parser (2.11.3) sha256=ca13f381a173b7a93450e53459075c9b76a10433caadcb2f1180f2c741fc55a4
  reline (0.6.3) sha256=1198b04973565b36ec0f11542ab3f5cfeeec34823f4e54cebde90968092b1835
  rexml (3.4.4) sha256=19e0a2c3425dfbf2d4fc1189747bdb2f849b6c5e74180401b15734bc97b5d142
  rubocop (1.84.2) sha256=5692cea54168f3dc8cb79a6fe95c5424b7ea893c707ad7a4307b0585e88dbf5f
  rubocop-ast (1.49.0) sha256=49c3676d3123a0923d333e20c6c2dbaaae2d2287b475273fddee0c61da9f71fd
  rubocop-performance (1.26.1) sha256=cd19b936ff196df85829d264b522fd4f98b6c89ad271fa52744a8c11b8f71834
  rubocop-rails (2.34.3) sha256=10d37989024865ecda8199f311f3faca990143fbac967de943f88aca11eb9ad2
  rubocop-rails-omakase (1.1.0) sha256=2af73ac8ee5852de2919abbd2618af9c15c19b512c4cfc1f9a5d3b6ef009109d
  ruby-next-core (1.2.0) sha256=f6a7d00bb5186cecbb02f7f1845a0f3a2c9788d35b6ccff5c9be3f0d46799b86
  ruby-progressbar (1.13.0) sha256=80fc9c47a9b640d6834e0dc7b3c94c9df37f08cb072b7761e4a71e22cff29b33
  ruby-vips (2.3.0) sha256=e685ec02c13969912debbd98019e50492e12989282da5f37d05f5471442f5374
  rubyzip (3.2.2) sha256=c0ed99385f0625415c8f05bcae33fe649ed2952894a95ff8b08f26ca57ea5b3c
  securerandom (0.4.1) sha256=cc5193d414a4341b6e225f0cb4446aceca8e50d5e1888743fac16987638ea0b1
  selenium-webdriver (4.41.0) sha256=cdc1173cd55cf186022cea83156cc2d0bec06d337e039b02ad25d94e41bedd22
  solid_cable (3.0.12) sha256=a168a54731a455d5627af48d8441ea3b554b8c1f6e6cd6074109de493e6b0460
  solid_cache (1.0.10) sha256=bc05a2fb3ac78a6f43cbb5946679cf9db67dd30d22939ededc385cb93e120d41
  solid_queue (1.3.2) sha256=44a53047be4255f616ff13fa5d35980e7b3eee6e31d957eadb88fbe8e0db4509
  sshkit (1.25.0) sha256=c8c6543cdb60f91f1d277306d585dd11b6a064cb44eab0972827e4311ff96744
  stimulus-rails (1.3.4) sha256=765676ffa1f33af64ce026d26b48e8ffb2e0b94e0f50e9119e11d6107d67cb06
  stringio (3.2.0) sha256=c37cb2e58b4ffbd33fe5cd948c05934af997b36e0b6ca6fdf43afa234cf222e1
  swd (2.0.3) sha256=4cdbe2a4246c19f093fce22e967ec3ebdd4657d37673672e621bf0c7eb770655
  thor (1.5.0) sha256=e3a9e55fe857e44859ce104a84675ab6e8cd59c650a49106a05f55f136425e73
  thruster (0.1.18) sha256=f025103bc7c8e6747436bb9de058c366840d2871560574ea7070a9bc8608a889
  thruster (0.1.18-aarch64-linux) sha256=16f3d49468d76a9a5de86b7bdedf535b7b80da7c16495ca8ec96cfdc256870e2
  thruster (0.1.18-x86_64-linux) sha256=0ec1ff5f12289c1ac10cf8e28ce6b5266f4e73416b34a664b79d037c7d955c40
  timeout (0.6.0) sha256=6d722ad619f96ee383a0c557ec6eb8c4ecb08af3af62098a0be5057bf00de1af
  tsort (0.2.0) sha256=9650a793f6859a43b6641671278f79cfead60ac714148aabe4e3f0060480089f
  turbo-rails (2.0.23) sha256=ee0d90733aafff056cf51ff11e803d65e43cae258cc55f6492020ec1f9f9315f
  typhoeus (1.5.0) sha256=120b67ed1ef515e6c0e938176db880f15b0916f038e78ce2a66290f3f1de3e3b
  tzinfo (2.0.6) sha256=8daf828cc77bcf7d63b0e3bdb6caa47e2272dcfaf4fbfe46f8c3a9df087a829b
  unicode-display_width (3.2.0) sha256=0cdd96b5681a5949cdbc2c55e7b420facae74c4aaf9a9815eee1087cb1853c42
  unicode-emoji (4.2.0) sha256=519e69150f75652e40bf736106cfbc8f0f73aa3fb6a65afe62fefa7f80b0f80f
  upright (0.2.0) sha256=e1378655db8cd9dae686f840778c633b8b7415b88bb9479f2a8f695d8c65886e
  uri (1.1.1) sha256=379fa58d27ffb1387eaada68c749d1426738bd0f654d812fcc07e7568f5c57c6
  useragent (0.16.11) sha256=700e6413ad4bb954bb63547fa098dddf7b0ebe75b40cc6f93b8d54255b173844
  validate_url (1.0.15) sha256=72fe164c0713d63a9970bd6700bea948babbfbdcec392f2342b6704042f57451
  web-console (4.2.1) sha256=e7bcf37a10ea2b4ec4281649d1cee461b32232d0a447e82c786e6841fd22fe20
  webfinger (2.1.3) sha256=567a52bde77fb38ca6b67e55db755f988766ec4651c1d24916a65aa70540695c
  webrick (1.9.2) sha256=beb4a15fc474defed24a3bda4ffd88a490d517c9e4e6118c3edce59e45864131
  websocket (1.2.11) sha256=b7e7a74e2410b5e85c25858b26b3322f29161e300935f70a0e0d3c35e0462737
  websocket-driver (0.8.0) sha256=ed0dba4b943c22f17f9a734817e808bc84cdce6a7e22045f5315aa57676d4962
  websocket-extensions (0.1.5) sha256=1c6ba63092cda343eb53fc657110c71c754c56484aad42578495227d717a8241
  xpath (3.2.0) sha256=6dfda79d91bb3b949b947ecc5919f042ef2f399b904013eb3ef6d20dd3a4082e
  yabeda (0.14.0) sha256=bc517bf22d692ebd80a29fc9fd2246c257aaf92d10b2735a775e2419351a43bf
  yabeda-prometheus (0.9.1) sha256=b87d80cae8cffbeb527c25d288eafa8eed9c1fb56cf49616db5c8611768cd5fd
  yabeda-puma-plugin (0.9.0) sha256=b78673ecc7ee30bc50691ddc41b7022c1c1801843900d5101418f4a14b550bc8
  zeitwerk (2.7.5) sha256=d8da92128c09ea6ec62c949011b00ed4a20242b255293dd66bf41545398f73dd

BUNDLED WITH
  4.0.3
